
Microsoft Visual Studio Solution File, Format Version 12.00
# Visual Studio 15
VisualStudioVersion = 15.0.27703.2018
MinimumVisualStudioVersion = 10.0.40219.1
Project("{FAE04EC0-301F-11D3-BF4B-00C04F79EFBC}") = "AutomacaoTCC.Android", "AutomacaoTCC\AutomacaoTCC.Android\AutomacaoTCC.Android.csproj", "{6BAB1D57-5D1F-4AE1-A77C-2626F61198DC}"
EndProject
Project("{FAE04EC0-301F-11D3-BF4B-00C04F79EFBC}") = "AutomacaoTCC.iOS", "AutomacaoTCC\AutomacaoTCC.iOS\AutomacaoTCC.iOS.csproj", "{3CFDE715-098C-4171-9A42-F1A92E754CF4}"
EndProject
Project("{FAE04EC0-301F-11D3-BF4B-00C04F79EFBC}") = "AutomacaoTCC", "AutomacaoTCC\AutomacaoTCC\AutomacaoTCC.csproj", "{86002899-0A1A-44FB-AAEE-248D90CF9B0E}"
EndProject
Global
	GlobalSection(SolutionConfigurationPlatforms) = preSolution
		Ad-Hoc|Any CPU = Ad-Hoc|Any CPU
		Ad-Hoc|iPhone = Ad-Hoc|iPhone
		Ad-Hoc|iPhoneSimulator = Ad-Hoc|iPhoneSimulator
		AppStore|Any CPU = AppStore|Any CPU
		AppStore|iPhone = AppStore|iPhone
		AppStore|iPhoneSimulator = AppStore|iPhoneSimulator
		Debug|Any CPU = Debug|Any CPU
		Debug|iPhone = Debug|iPhone
		Debug|iPhoneSimulator = Debug|iPhoneSimulator
		Release|Any CPU = Release|Any CPU
		Release|iPhone = Release|iPhone
		Release|iPhoneSimulator = Release|iPhoneSimulator
	EndGlobalSection
	GlobalSection(ProjectConfigurationPlatforms) = postSolution
		{6BAB1D57-5D1F-4AE1-A77C-2626F61198DC}.Ad-Hoc|Any CPU.ActiveCfg = Release|Any CPU
		{6BAB1D57-5D1F-4AE1-A77C-2626F61198DC}.Ad-Hoc|Any CPU.Build.0 = Release|Any CPU
		{6BAB1D57-5D1F-4AE1-A77C-2626F61198DC}.Ad-Hoc|Any CPU.Deploy.0 = Release|Any CPU
		{6BAB1D57-5D1F-4AE1-A77C-2626F61198DC}.Ad-Hoc|iPhone.ActiveCfg = Release|Any CPU
		{6BAB1D57-5D1F-4AE1-A77C-2626F61198DC}.Ad-Hoc|iPhone.Build.0 = Release|Any CPU
		{6BAB1D57-5D1F-4AE1-A77C-2626F61198DC}.Ad-Hoc|iPhone.Deploy.0 = Release|Any CPU
		{6BAB1D57-5D1F-4AE1-A77C-2626F61198DC}.Ad-Hoc|iPhoneSimulator.ActiveCfg = Release|Any CPU
		{6BAB1D57-5D1F-4AE1-A77C-2626F61198DC}.Ad-Hoc|iPhoneSimulator.Build.0 = Release|Any CPU
		{6BAB1D57-5D1F-4AE1-A77C-2626F61198DC}.Ad-Hoc|iPhoneSimulator.Deploy.0 = Release|Any CPU
		{6BAB1D57-5D1F-4AE1-A77C-2626F61198DC}.AppStore|Any CPU.ActiveCfg = Release|Any CPU
		{6BAB1D57-5D1F-4AE1-A77C-2626F61198DC}.AppStore|Any CPU.Build.0 = Release|Any CPU
		{6BAB1D57-5D1F-4AE1-A77C-2626F61198DC}.AppStore|Any CPU.Deploy.0 = Release|Any CPU
		{6BAB1D57-5D1F-4AE1-A77C-2626F61198DC}.AppStore|iPhone.ActiveCfg = Release|Any CPU
		{6BAB1D57-5D1F-4AE1-A77C-2626F61198DC}.AppStore|iPhone.Build.0 = Release|Any CPU
		{6BAB1D57-5D1F-4AE1-A77C-2626F61198DC}.AppStore|iPhone.Deploy.0 = Release|Any CPU
		{6BAB1D57-5D1F-4AE1-A77C-2626F61198DC}.AppStore|iPhoneSimulator.ActiveCfg = Release|Any CPU
		{6BAB1D57-5D1F-4AE1-A77C-2626F61198DC}.AppStore|iPhoneSimulator.Build.0 = Release|Any CPU
		{6BAB1D57-5D1F-4AE1-A77C-2626F61198DC}.AppStore|iPhoneSimulator.Deploy.0 = Release|Any CPU
		{6BAB1D57-5D1F-4AE1-A77C-2626F61198DC}.Debug|Any CPU.ActiveCfg = Debug|Any CPU
		{6BAB1D57-5D1F-4AE1-A77C-2626F61198DC}.Debug|Any CPU.Build.0 = Debug|Any CPU
		{6BAB1D57-5D1F-4AE1-A77C-2626F61198DC}.Debug|Any CPU.Deploy.0 = Debug|Any CPU
		{6BAB1D57-5D1F-4AE1-A77C-2626F61198DC}.Debug|iPhone.ActiveCfg = Debug|Any CPU
		{6BAB1D57-5D1F-4AE1-A77C-2626F61198DC}.Debug|iPhone.Build.0 = Debug|Any CPU
		{6BAB1D57-5D1F-4AE1-A77C-2626F61198DC}.Debug|iPhone.Deploy.0 = Debug|Any CPU
		{6BAB1D57-5D1F-4AE1-A77C-2626F61198DC}.Debug|iPhoneSimulator.ActiveCfg = Debug|Any CPU
		{6BAB1D57-5D1F-4AE1-A77C-2626F61198DC}.Debug|iPhoneSimulator.Build.0 = Debug|Any CPU
		{6BAB1D57-5D1F-4AE1-A77C-2626F61198DC}.Debug|iPhoneSimulator.Deploy.0 = Debug|Any CPU
		{6BAB1D57-5D1F-4AE1-A77C-2626F61198DC}.Release|Any CPU.ActiveCfg = Release|Any CPU
		{6BAB1D57-5D1F-4AE1-A77C-2626F61198DC}.Release|Any CPU.Build.0 = Release|Any CPU
		{6BAB1D57-5D1F-4AE1-A77C-2626F61198DC}.Release|Any CPU.Deploy.0 = Release|Any CPU
		{6BAB1D57-5D1F-4AE1-A77C-2626F61198DC}.Release|iPhone.ActiveCfg = Release|Any CPU
		{6BAB1D57-5D1F-4AE1-A77C-2626F61198DC}.Release|iPhone.Build.0 = Release|Any CPU
		{6BAB1D57-5D1F-4AE1-A77C-2626F61198DC}.Release|iPhone.Deploy.0 = Release|Any CPU
		{6BAB1D57-5D1F-4AE1-A77C-2626F61198DC}.Release|iPhoneSimulator.ActiveCfg = Release|Any CPU
		{6BAB1D57-5D1F-4AE1-A77C-2626F61198DC}.Release|iPhoneSimulator.Build.0 = Release|Any CPU
		{6BAB1D57-5D1F-4AE1-A77C-2626F61198DC}.Release|iPhoneSimulator.Deploy.0 = Release|Any CPU
		{3CFDE715-098C-4171-9A42-F1A92E754CF4}.Ad-Hoc|Any CPU.ActiveCfg = Ad-Hoc|iPhone
		{3CFDE715-098C-4171-9A42-F1A92E754CF4}.Ad-Hoc|Any CPU.Build.0 = Ad-Hoc|iPhone
		{3CFDE715-098C-4171-9A42-F1A92E754CF4}.Ad-Hoc|Any CPU.Deploy.0 = Ad-Hoc|iPhone
		{3CFDE715-098C-4171-9A42-F1A92E754CF4}.Ad-Hoc|iPhone.ActiveCfg = Ad-Hoc|iPhone
		{3CFDE715-098C-4171-9A42-F1A92E754CF4}.Ad-Hoc|iPhone.Build.0 = Ad-Hoc|iPhone
		{3CFDE715-098C-4171-9A42-F1A92E754CF4}.Ad-Hoc|iPhone.Deploy.0 = Ad-Hoc|iPhone
		{3CFDE715-098C-4171-9A42-F1A92E754CF4}.Ad-Hoc|iPhoneSimulator.ActiveCfg = Ad-Hoc|iPhoneSimulator
		{3CFDE715-098C-4171-9A42-F1A92E754CF4}.Ad-Hoc|iPhoneSimulator.Build.0 = Ad-Hoc|iPhoneSimulator
		{3CFDE715-098C-4171-9A42-F1A92E754CF4}.Ad-Hoc|iPhoneSimulator.Deploy.0 = Ad-Hoc|iPhoneSimulator
		{3CFDE715-098C-4171-9A42-F1A92E754CF4}.AppStore|Any CPU.ActiveCfg = AppStore|iPhone
		{3CFDE715-098C-4171-9A42-F1A92E754CF4}.AppStore|Any CPU.Build.0 = AppStore|iPhone
		{3CFDE715-098C-4171-9A42-F1A92E754CF4}.AppStore|Any CPU.Deploy.0 = AppStore|iPhone
		{3CFDE715-098C-4171-9A42-F1A92E754CF4}.AppStore|iPhone.ActiveCfg = AppStore|iPhone
		{3CFDE715-098C-4171-9A42-F1A92E754CF4}.AppStore|iPhone.Build.0 = AppStore|iPhone
		{3CFDE715-098C-4171-9A42-F1A92E754CF4}.AppStore|iPhone.Deploy.0 = AppStore|iPhone
		{3CFDE715-098C-4171-9A42-F1A92E754CF4}.AppStore|iPhoneSimulator.ActiveCfg = AppStore|iPhoneSimulator
		{3CFDE715-098C-4171-9A42-F1A92E754CF4}.AppStore|iPhoneSimulator.Build.0 = AppStore|iPhoneSimulator
		{3CFDE715-098C-4171-9A42-F1A92E754CF4}.AppStore|iPhoneSimulator.Deploy.0 = AppStore|iPhoneSimulator
		{3CFDE715-098C-4171-9A42-F1A92E754CF4}.Debug|Any CPU.ActiveCfg = Debug|iPhoneSimulator
		{3CFDE715-098C-4171-9A42-F1A92E754CF4}.Debug|Any CPU.Build.0 = Debug|iPhoneSimulator
		{3CFDE715-098C-4171-9A42-F1A92E754CF4}.Debug|Any CPU.Deploy.0 = Debug|iPhoneSimulator
		{3CFDE715-098C-4171-9A42-F1A92E754CF4}.Debug|iPhone.ActiveCfg = Debug|iPhone
		{3CFDE715-098C-4171-9A42-F1A92E754CF4}.Debug|iPhone.Build.0 = Debug|iPhone
		{3CFDE715-098C-4171-9A42-F1A92E754CF4}.Debug|iPhone.Deploy.0 = Debug|iPhone
		{3CFDE715-098C-4171-9A42-F1A92E754CF4}.Debug|iPhoneSimulator.ActiveCfg = Debug|iPhoneSimulator
		{3CFDE715-098C-4171-9A42-F1A92E754CF4}.Debug|iPhoneSimulator.Build.0 = Debug|iPhoneSimulator
		{3CFDE715-098C-4171-9A42-F1A92E754CF4}.Debug|iPhoneSimulator.Deploy.0 = Debug|iPhoneSimulator
		{3CFDE715-098C-4171-9A42-F1A92E754CF4}.Release|Any CPU.ActiveCfg = Release|iPhone
		{3CFDE715-098C-4171-9A42-F1A92E754CF4}.Release|Any CPU.Build.0 = Release|iPhone
		{3CFDE715-098C-4171-9A42-F1A92E754CF4}.Release|Any CPU.Deploy.0 = Release|iPhone
		{3CFDE715-098C-4171-9A42-F1A92E754CF4}.Release|iPhone.ActiveCfg = Release|iPhone
		{3CFDE715-098C-4171-9A42-F1A92E754CF4}.Release|iPhone.Build.0 = Release|iPhone
		{3CFDE715-098C-4171-9A42-F1A92E754CF4}.Release|iPhone.Deploy.0 = Release|iPhone
		{3CFDE715-098C-4171-9A42-F1A92E754CF4}.Release|iPhoneSimulator.ActiveCfg = Release|iPhoneSimulator
		{3CFDE715-098C-4171-9A42-F1A92E754CF4}.Release|iPhoneSimulator.Build.0 = Release|iPhoneSimulator
		{3CFDE715-098C-4171-9A42-F1A92E754CF4}.Release|iPhoneSimulator.Deploy.0 = Release|iPhoneSimulator
		{86002899-0A1A-44FB-AAEE-248D90CF9B0E}.Ad-Hoc|Any CPU.ActiveCfg = Debug|Any CPU
		{86002899-0A1A-44FB-AAEE-248D90CF9B0E}.Ad-Hoc|Any CPU.Build.0 = Debug|Any CPU
		{86002899-0A1A-44FB-AAEE-248D90CF9B0E}.Ad-Hoc|Any CPU.Deploy.0 = Debug|Any CPU
		{86002899-0A1A-44FB-AAEE-248D90CF9B0E}.Ad-Hoc|iPhone.ActiveCfg = Debug|Any CPU
		{86002899-0A1A-44FB-AAEE-248D90CF9B0E}.Ad-Hoc|iPhone.Build.0 = Debug|Any CPU
		{86002899-0A1A-44FB-AAEE-248D90CF9B0E}.Ad-Hoc|iPhone.Deploy.0 = Debug|Any CPU
		{86002899-0A1A-44FB-AAEE-248D90CF9B0E}.Ad-Hoc|iPhoneSimulator.ActiveCfg = Debug|Any CPU
		{86002899-0A1A-44FB-AAEE-248D90CF9B0E}.Ad-Hoc|iPhoneSimulator.Build.0 = Debug|Any CPU
		{86002899-0A1A-44FB-AAEE-248D90CF9B0E}.Ad-Hoc|iPhoneSimulator.Deploy.0 = Debug|Any CPU
		{86002899-0A1A-44FB-AAEE-248D90CF9B0E}.AppStore|Any CPU.ActiveCfg = Debug|Any CPU
		{86002899-0A1A-44FB-AAEE-248D90CF9B0E}.AppStore|Any CPU.Build.0 = Debug|Any CPU
		{86002899-0A1A-44FB-AAEE-248D90CF9B0E}.AppStore|Any CPU.Deploy.0 = Debug|Any CPU
		{86002899-0A1A-44FB-AAEE-248D90CF9B0E}.AppStore|iPhone.ActiveCfg = Debug|Any CPU
		{86002899-0A1A-44FB-AAEE-248D90CF9B0E}.AppStore|iPhone.Build.0 = Debug|Any CPU
		{86002899-0A1A-44FB-AAEE-248D90CF9B0E}.AppStore|iPhone.Deploy.0 = Debug|Any CPU
		{86002899-0A1A-44FB-AAEE-248D90CF9B0E}.AppStore|iPhoneSimulator.ActiveCfg = Debug|Any CPU
		{86002899-0A1A-44FB-AAEE-248D90CF9B0E}.AppStore|iPhoneSimulator.Build.0 = Debug|Any CPU
		{86002899-0A1A-44FB-AAEE-248D90CF9B0E}.AppStore|iPhoneSimulator.Deploy.0 = Debug|Any CPU
		{86002899-0A1A-44FB-AAEE-248D90CF9B0E}.Debug|Any CPU.ActiveCfg = Debug|Any CPU
		{86002899-0A1A-44FB-AAEE-248D90CF9B0E}.Debug|Any CPU.Build.0 = Debug|Any CPU
		{86002899-0A1A-44FB-AAEE-248D90CF9B0E}.Debug|Any CPU.Deploy.0 = Debug|Any CPU
		{86002899-0A1A-44FB-AAEE-248D90CF9B0E}.Debug|iPhone.ActiveCfg = Debug|Any CPU
		{86002899-0A1A-44FB-AAEE-248D90CF9B0E}.Debug|iPhone.Build.0 = Debug|Any CPU
		{86002899-0A1A-44FB-AAEE-248D90CF9B0E}.Debug|iPhone.Deploy.0 = Debug|Any CPU
		{86002899-0A1A-44FB-AAEE-248D90CF9B0E}.Debug|iPhoneSimulator.ActiveCfg = Debug|Any CPU
		{86002899-0A1A-44FB-AAEE-248D90CF9B0E}.Debug|iPhoneSimulator.Build.0 = Debug|Any CPU
		{86002899-0A1A-44FB-AAEE-248D90CF9B0E}.Debug|iPhoneSimulator.Deploy.0 = Debug|Any CPU
		{86002899-0A1A-44FB-AAEE-248D90CF9B0E}.Release|Any CPU.ActiveCfg = Release|Any CPU
		{86002899-0A1A-44FB-AAEE-248D90CF9B0E}.Release|Any CPU.Build.0 = Release|Any CPU
		{86002899-0A1A-44FB-AAEE-248D90CF9B0E}.Release|Any CPU.Deploy.0 = Release|Any CPU
		{86002899-0A1A-44FB-AAEE-248D90CF9B0E}.Release|iPhone.ActiveCfg = Release|Any CPU
		{86002899-0A1A-44FB-AAEE-248D90CF9B0E}.Release|iPhone.Build.0 = Release|Any CPU
		{86002899-0A1A-44FB-AAEE-248D90CF9B0E}.Release|iPhone.Deploy.0 = Release|Any CPU
		{86002899-0A1A-44FB-AAEE-248D90CF9B0E}.Release|iPhoneSimulator.ActiveCfg = Release|Any CPU
		{86002899-0A1A-44FB-AAEE-248D90CF9B0E}.Release|iPhoneSimulator.Build.0 = Release|Any CPU
		{86002899-0A1A-44FB-AAEE-248D90CF9B0E}.Release|iPhoneSimulator.Deploy.0 = Release|Any CPU
	EndGlobalSection
	GlobalSection(SolutionProperties) = preSolution
		HideSolutionNode = FALSE
	EndGlobalSection
	GlobalSection(ExtensibilityGlobals) = postSolution
		SolutionGuid = {426FB4AF-0AE6-44F7-B8B5-849552B32ADF}
	EndGlobalSection
EndGlobal
